
Microsoft Visual Studio Solution File, Format Version 12.00
# Visual Studio Version 17
VisualStudioVersion = 17.9.34622.214
MinimumVisualStudioVersion = 10.0.40219.1
Project("{FAE04EC0-301F-11D3-BF4B-00C04F79EFBC}") = "HRDTransceiver", "HRDTransciever\HRDTransceiver.csproj", "{13E8DBD1-0D4D-4875-B117-73C989964E49}"
EndProject
Project("{FAE04EC0-301F-11D3-BF4B-00C04F79EFBC}") = "Test", "Test\Test.csproj", "{EEB15CDA-C0C9-4EC0-B597-E93BD43F458F}"
EndProject
Project("{FAE04EC0-301F-11D3-BF4B-00C04F79EFBC}") = "HRDLib", "HRDLib\HRDLib.csproj", "{4E3DEF62-DCD0-4705-9DBF-7120C8E096FB}"
EndProject
Global
	GlobalSection(SolutionConfigurationPlatforms) = preSolution
		Debug|Any CPU = Debug|Any CPU
		Release|Any CPU = Release|Any CPU
	EndGlobalSection
	GlobalSection(ProjectConfigurationPlatforms) = postSolution
		{13E8DBD1-0D4D-4875-B117-73C989964E49}.Debug|Any CPU.ActiveCfg = Debug|Any CPU
		{13E8DBD1-0D4D-4875-B117-73C989964E49}.Debug|Any CPU.Build.0 = Debug|Any CPU
		{13E8DBD1-0D4D-4875-B117-73C989964E49}.Release|Any CPU.ActiveCfg = Release|Any CPU
		{13E8DBD1-0D4D-4875-B117-73C989964E49}.Release|Any CPU.Build.0 = Release|Any CPU
		{EEB15CDA-C0C9-4EC0-B597-E93BD43F458F}.Debug|Any CPU.ActiveCfg = Debug|Any CPU
		{EEB15CDA-C0C9-4EC0-B597-E93BD43F458F}.Debug|Any CPU.Build.0 = Debug|Any CPU
		{EEB15CDA-C0C9-4EC0-B597-E93BD43F458F}.Release|Any CPU.ActiveCfg = Release|Any CPU
		{EEB15CDA-C0C9-4EC0-B597-E93BD43F458F}.Release|Any CPU.Build.0 = Release|Any CPU
		{4E3DEF62-DCD0-4705-9DBF-7120C8E096FB}.Debug|Any CPU.ActiveCfg = Debug|Any CPU
		{4E3DEF62-DCD0-4705-9DBF-7120C8E096FB}.Debug|Any CPU.Build.0 = Debug|Any CPU
		{4E3DEF62-DCD0-4705-9DBF-7120C8E096FB}.Release|Any CPU.ActiveCfg = Release|Any CPU
		{4E3DEF62-DCD0-4705-9DBF-7120C8E096FB}.Release|Any CPU.Build.0 = Release|Any CPU
	EndGlobalSection
	GlobalSection(SolutionProperties) = preSolution
		HideSolutionNode = FALSE
	EndGlobalSection
	GlobalSection(ExtensibilityGlobals) = postSolution
		SolutionGuid = {62332C88-3F67-4FF2-9AD0-7C3B5F6D6DD6}
	EndGlobalSection
EndGlobal
